// !$*UTF8*$!
{
	archiveVersion = 1;
	classes = {
	};
	objectVersion = 46;
	objects = {

/* Begin PBXBuildFile section */
		627B56901D53289D00EF184A /* AppDelegate.swift in Sources */ = {isa = PBXBuildFile; fileRef = 627B568F1D53289D00EF184A /* AppDelegate.swift */; };
		627B56921D53289D00EF184A /* ViewController.swift in Sources */ = {isa = PBXBuildFile; fileRef = 627B56911D53289D00EF184A /* ViewController.swift */; };
		627B56951D53289D00EF184A /* Main.storyboard in Resources */ = {isa = PBXBuildFile; fileRef = 627B56931D53289D00EF184A /* Main.storyboard */; };
		627B56971D53289D00EF184A /* Assets.xcassets in Resources */ = {isa = PBXBuildFile; fileRef = 627B56961D53289D00EF184A /* Assets.xcassets */; };
		627B569A1D53289D00EF184A /* LaunchScreen.storyboard in Resources */ = {isa = PBXBuildFile; fileRef = 627B56981D53289D00EF184A /* LaunchScreen.storyboard */; };
		627B56A51D53289D00EF184A /* FoodtrackerTests.swift in Sources */ = {isa = PBXBuildFile; fileRef = 627B56A41D53289D00EF184A /* FoodtrackerTests.swift */; };
		627B56B01D53289E00EF184A /* FoodtrackerUITests.swift in Sources */ = {isa = PBXBuildFile; fileRef = 627B56AF1D53289E00EF184A /* FoodtrackerUITests.swift */; };
/* End PBXBuildFile section */

/* Begin PBXContainerItemProxy section */
		627B56A11D53289D00EF184A /* PBXContainerItemProxy */ = {
			isa = PBXContainerItemProxy;
			containerPortal = 627B56841D53289D00EF184A /* Project object */;
			proxyType = 1;
			remoteGlobalIDString = 627B568B1D53289D00EF184A;
			remoteInfo = Foodtracker;
		};
		627B56AC1D53289E00EF184A /* PBXContainerItemProxy */ = {
			isa = PBXContainerItemProxy;
			containerPortal = 627B56841D53289D00EF184A /* Project object */;
			proxyType = 1;
			remoteGlobalIDString = 627B568B1D53289D00EF184A;
			remoteInfo = Foodtracker;
		};
/* End PBXContainerItemProxy section */

/* Begin PBXFileReference section */
		627B568C1D53289D00EF184A /* Foodtracker.app */ = {isa = PBXFileReference; explicitFileType = wrapper.application; includeInIndex = 0; path = Foodtracker.app; sourceTree = BUILT_PRODUCTS_DIR; };
		627B568F1D53289D00EF184A /* AppDelegate.swift */ = {isa = PBXFileReference; lastKnownFileType = sourcecode.swift; path = AppDelegate.swift; sourceTree = "<group>"; };
		627B56911D53289D00EF184A /* ViewController.swift */ = {isa = PBXFileReference; lastKnownFileType = sourcecode.swift; path = ViewController.swift; sourceTree = "<group>"; };
		627B56941D53289D00EF184A /* Base */ = {isa = PBXFileReference; lastKnownFileType = file.storyboard; name = Base; path = Base.lproj/Main.storyboard; sourceTree = "<group>"; };
		627B56961D53289D00EF184A /* Assets.xcassets */ = {isa = PBXFileReference; lastKnownFileType = folder.assetcatalog; path = Assets.xcassets; sourceTree = "<group>"; };
		627B56991D53289D00EF184A /* Base */ = {isa = PBXFileReference; lastKnownFileType = file.storyboard; name = Base; path = Base.lproj/LaunchScreen.storyboard; sourceTree = "<group>"; };
		627B569B1D53289D00EF184A /* Info.plist */ = {isa = PBXFileReference; lastKnownFileType = text.plist.xml; path = Info.plist; sourceTree = "<group>"; };
		627B56A01D53289D00EF184A /* FoodtrackerTests.xctest */ = {isa = PBXFileReference; explicitFileType = wrapper.cfbundle; includeInIndex = 0; path = FoodtrackerTests.xctest; sourceTree = BUILT_PRODUCTS_DIR; };
		627B56A41D53289D00EF184A /* FoodtrackerTests.swift */ = {isa = PBXFileReference; lastKnownFileType = sourcecode.swift; path = FoodtrackerTests.swift; sourceTree = "<group>"; };
		627B56A61D53289D00EF184A /* Info.plist */ = {isa = PBXFileReference; lastKnownFileType = text.plist.xml; path = Info.plist; sourceTree = "<group>"; };
		627B56AB1D53289E00EF184A /* FoodtrackerUITests.xctest */ = {isa = PBXFileReference; explicitFileType = wrapper.cfbundle; includeInIndex = 0; path = FoodtrackerUITests.xctest; sourceTree = BUILT_PRODUCTS_DIR; };
		627B56AF1D53289E00EF184A /* FoodtrackerUITests.swift */ = {isa = PBXFileReference; lastKnownFileType = sourcecode.swift; path = FoodtrackerUITests.swift; sourceTree = "<group>"; };
		627B56B11D53289E00EF184A /* Info.plist */ = {isa = PBXFileReference; lastKnownFileType = text.plist.xml; path = Info.plist; sourceTree = "<group>"; };
/* End PBXFileReference section */

/* Begin PBXFrameworksBuildPhase section */
		627B56891D53289D00EF184A /* Frameworks */ = {
			isa = PBXFrameworksBuildPhase;
			buildActionMask = 2147483647;
			files = (
			);
			runOnlyForDeploymentPostprocessing = 0;
		};
		627B569D1D53289D00EF184A /* Frameworks */ = {
			isa = PBXFrameworksBuildPhase;
			buildActionMask = 2147483647;
			files = (
			);
			runOnlyForDeploymentPostprocessing = 0;
		};
		627B56A81D53289E00EF184A /* Frameworks */ = {
			isa = PBXFrameworksBuildPhase;
			buildActionMask = 2147483647;
			files = (
			);
			runOnlyForDeploymentPostprocessing = 0;
		};
/* End PBXFrameworksBuildPhase section */

/* Begin PBXGroup section */
		627B56831D53289D00EF184A = {
			isa = PBXGroup;
			children = (
				627B568E1D53289D00EF184A /* Foodtracker */,
				627B56A31D53289D00EF184A /* FoodtrackerTests */,
				627B56AE1D53289E00EF184A /* FoodtrackerUITests */,
				627B568D1D53289D00EF184A /* Products */,
			);
			sourceTree = "<group>";
		};
		627B568D1D53289D00EF184A /* Products */ = {
			isa = PBXGroup;
			children = (
				627B568C1D53289D00EF184A /* Foodtracker.app */,
				627B56A01D53289D00EF184A /* FoodtrackerTests.xctest */,
				627B56AB1D53289E00EF184A /* FoodtrackerUITests.xctest */,
			);
			name = Products;
			sourceTree = "<group>";
		};
		627B568E1D53289D00EF184A /* Foodtracker */ = {
			isa = PBXGroup;
			children = (
				627B568F1D53289D00EF184A /* AppDelegate.swift */,
				627B56911D53289D00EF184A /* ViewController.swift */,
				627B56931D53289D00EF184A /* Main.storyboard */,
				627B56961D53289D00EF184A /* Assets.xcassets */,
				627B56981D53289D00EF184A /* LaunchScreen.storyboard */,
				627B569B1D53289D00EF184A /* Info.plist */,
			);
			path = Foodtracker;
			sourceTree = "<group>";
		};
		627B56A31D53289D00EF184A /* FoodtrackerTests */ = {
			isa = PBXGroup;
			children = (
				627B56A41D53289D00EF184A /* FoodtrackerTests.swift */,
				627B56A61D53289D00EF184A /* Info.plist */,
			);
			path = FoodtrackerTests;
			sourceTree = "<group>";
		};
		627B56AE1D53289E00EF184A /* FoodtrackerUITests */ = {
			isa = PBXGroup;
			children = (
				627B56AF1D53289E00EF184A /* FoodtrackerUITests.swift */,
				627B56B11D53289E00EF184A /* Info.plist */,
			);
			path = FoodtrackerUITests;
			sourceTree = "<group>";
		};
/* End PBXGroup section */

/* Begin PBXNativeTarget section */
		627B568B1D53289D00EF184A /* Foodtracker */ = {
			isa = PBXNativeTarget;
			buildConfigurationList = 627B56B41D53289E00EF184A /* Build configuration list for PBXNativeTarget "Foodtracker" */;
			buildPhases = (
				627B56881D53289D00EF184A /* Sources */,
				627B56891D53289D00EF184A /* Frameworks */,
				627B568A1D53289D00EF184A /* Resources */,
			);
			buildRules = (
			);
			dependencies = (
			);
			name = Foodtracker;
			productName = Foodtracker;
			productReference = 627B568C1D53289D00EF184A /* Foodtracker.app */;
			productType = "com.apple.product-type.application";
		};
		627B569F1D53289D00EF184A /* FoodtrackerTests */ = {
			isa = PBXNativeTarget;
			buildConfigurationList = 627B56B71D53289E00EF184A /* Build configuration list for PBXNativeTarget "FoodtrackerTests" */;
			buildPhases = (
				627B569C1D53289D00EF184A /* Sources */,
				627B569D1D53289D00EF184A /* Frameworks */,
				627B569E1D53289D00EF184A /* Resources */,
			);
			buildRules = (
			);
			dependencies = (
				627B56A21D53289D00EF184A /* PBXTargetDependency */,
			);
			name = FoodtrackerTests;
			productName = FoodtrackerTests;
			productReference = 627B56A01D53289D00EF184A /* FoodtrackerTests.xctest */;
			productType = "com.apple.product-type.bundle.unit-test";
		};
		627B56AA1D53289E00EF184A /* FoodtrackerUITests */ = {
			isa = PBXNativeTarget;
			buildConfigurationList = 627B56BA1D53289E00EF184A /* Build configuration list for PBXNativeTarget "FoodtrackerUITests" */;
			buildPhases = (
				627B56A71D53289E00EF184A /* Sources */,
				627B56A81D53289E00EF184A /* Frameworks */,
				627B56A91D53289E00EF184A /* Resources */,
			);
			buildRules = (
			);
			dependencies = (
				627B56AD1D53289E00EF184A /* PBXTargetDependency */,
			);
			name = FoodtrackerUITests;
			productName = FoodtrackerUITests;
			productReference = 627B56AB1D53289E00EF184A /* FoodtrackerUITests.xctest */;
			productType = "com.apple.product-type.bundle.ui-testing";
		};
/* End PBXNativeTarget section */

/* Begin PBXProject section */
		627B56841D53289D00EF184A /* Project object */ = {
			isa = PBXProject;
			attributes = {
				LastSwiftUpdateCheck = 0730;
				LastUpgradeCheck = 0730;
				ORGANIZATIONNAME = "Enrique Ortiz";
				TargetAttributes = {
					627B568B1D53289D00EF184A = {
						CreatedOnToolsVersion = 7.3.1;
					};
					627B569F1D53289D00EF184A = {
						CreatedOnToolsVersion = 7.3.1;
						TestTargetID = 627B568B1D53289D00EF184A;
					};
					627B56AA1D53289E00EF184A = {
						CreatedOnToolsVersion = 7.3.1;
						TestTargetID = 627B568B1D53289D00EF184A;
					};
				};
			};
			buildConfigurationList = 627B56871D53289D00EF184A /* Build configuration list for PBXProject "Foodtracker" */;
			compatibilityVersion = "Xcode 3.2";
			developmentRegion = English;
			hasScannedForEncodings = 0;
			knownRegions = (
				en,
				Base,
			);
			mainGroup = 627B56831D53289D00EF184A;
			productRefGroup = 627B568D1D53289D00EF184A /* Products */;
			projectDirPath = "";
			projectRoot = "";
			targets = (
				627B568B1D53289D00EF184A /* Foodtracker */,
				627B569F1D53289D00EF184A /* FoodtrackerTests */,
				627B56AA1D53289E00EF184A /* FoodtrackerUITests */,
			);
		};
/* End PBXProject section */

/* Begin PBXResourcesBuildPhase section */
		627B568A1D53289D00EF184A /* Resources */ = {
			isa = PBXResourcesBuildPhase;
			buildActionMask = 2147483647;
			files = (
				627B569A1D53289D00EF184A /* LaunchScreen.storyboard in Resources */,
				627B56971D53289D00EF184A /* Assets.xcassets in Resources */,
				627B56951D53289D00EF184A /* Main.storyboard in Resources */,
			);
			runOnlyForDeploymentPostprocessing = 0;
		};
		627B569E1D53289D00EF184A /* Resources */ = {
			isa = PBXResourcesBuildPhase;
			buildActionMask = 2147483647;
			files = (
			);
			runOnlyForDeploymentPostprocessing = 0;
		};
		627B56A91D53289E00EF184A /* Resources */ = {
			isa = PBXResourcesBuildPhase;
			buildActionMask = 2147483647;
			files = (
			);
			runOnlyForDeploymentPostprocessing = 0;
		};
/* End PBXResourcesBuildPhase section */

/* Begin PBXSourcesBuildPhase section */
		627B56881D53289D00EF184A /* Sources */ = {
			isa = PBXSourcesBuildPhase;
			buildActionMask = 2147483647;
			files = (
				627B56921D53289D00EF184A /* ViewController.swift in Sources */,
				627B56901D53289D00EF184A /* AppDelegate.swift in Sources */,
			);
			runOnlyForDeploymentPostprocessing = 0;
		};
		627B569C1D53289D00EF184A /* Sources */ = {
			isa = PBXSourcesBuildPhase;
			buildActionMask = 2147483647;
			files = (
				627B56A51D53289D00EF184A /* FoodtrackerTests.swift in Sources */,
			);
			runOnlyForDeploymentPostprocessing = 0;
		};
		627B56A71D53289E00EF184A /* Sources */ = {
			isa = PBXSourcesBuildPhase;
			buildActionMask = 2147483647;
			files = (
				627B56B01D53289E00EF184A /* FoodtrackerUITests.swift in Sources */,
			);
			runOnlyForDeploymentPostprocessing = 0;
		};
/* End PBXSourcesBuildPhase section */

/* Begin PBXTargetDependency section */
		627B56A21D53289D00EF184A /* PBXTargetDependency */ = {
			isa = PBXTargetDependency;
			target = 627B568B1D53289D00EF184A /* Foodtracker */;
			targetProxy = 627B56A11D53289D00EF184A /* PBXContainerItemProxy */;
		};
		627B56AD1D53289E00EF184A /* PBXTargetDependency */ = {
			isa = PBXTargetDependency;
			target = 627B568B1D53289D00EF184A /* Foodtracker */;
			targetProxy = 627B56AC1D53289E00EF184A /* PBXContainerItemProxy */;
		};
/* End PBXTargetDependency section */

/* Begin PBXVariantGroup section */
		627B56931D53289D00EF184A /* Main.storyboard */ = {
			isa = PBXVariantGroup;
			children = (
				627B56941D53289D00EF184A /* Base */,
			);
			name = Main.storyboard;
			sourceTree = "<group>";
		};
		627B56981D53289D00EF184A /* LaunchScreen.storyboard */ = {
			isa = PBXVariantGroup;
			children = (
				627B56991D53289D00EF184A /* Base */,
			);
			name = LaunchScreen.storyboard;
			sourceTree = "<group>";
		};
/* End PBXVariantGroup section */

/* Begin XCBuildConfiguration section */
		627B56B21D53289E00EF184A /* Debug */ = {
			isa = XCBuildConfiguration;
			buildSettings = {
				ALWAYS_SEARCH_USER_PATHS = NO;
				CLANG_ANALYZER_NONNULL = YES;
				CLANG_CXX_LANGUAGE_STANDARD = "gnu++0x";
				CLANG_CXX_LIBRARY = "libc++";
				CLANG_ENABLE_MODULES = YES;
				CLANG_ENABLE_OBJC_ARC = YES;
				CLANG_WARN_BOOL_CONVERSION = YES;
				CLANG_WARN_CONSTANT_CONVERSION = YES;
				CLANG_WARN_DIRECT_OBJC_ISA_USAGE = YES_ERROR;
				CLANG_WARN_EMPTY_BODY = YES;
				CLANG_WARN_ENUM_CONVERSION = YES;
				CLANG_WARN_INT_CONVERSION = YES;
				CLANG_WARN_OBJC_ROOT_CLASS = YES_ERROR;
				CLANG_WARN_UNREACHABLE_CODE = YES;
				CLANG_WARN__DUPLICATE_METHOD_MATCH = YES;
				"CODE_SIGN_IDENTITY[sdk=iphoneos*]" = "iPhone Developer";
				COPY_PHASE_STRIP = NO;
				DEBUG_INFORMATION_FORMAT = dwarf;
				ENABLE_STRICT_OBJC_MSGSEND = YES;
				ENABLE_TESTABILITY = YES;
				GCC_C_LANGUAGE_STANDARD = gnu99;
				GCC_DYNAMIC_NO_PIC = NO;
				GCC_NO_COMMON_BLOCKS = YES;
				GCC_OPTIMIZATION_LEVEL = 0;
				GCC_PREPROCESSOR_DEFINITIONS = (
					"DEBUG=1",
					"$(inherited)",
				);
				GCC_WARN_64_TO_32_BIT_CONVERSION = YES;
				GCC_WARN_ABOUT_RETURN_TYPE = YES_ERROR;
				GCC_WARN_UNDECLARED_SELECTOR = YES;
				GCC_WARN_UNINITIALIZED_AUTOS = YES_AGGRESSIVE;
				GCC_WARN_UNUSED_FUNCTION = YES;
				GCC_WARN_UNUSED_VARIABLE = YES;
				IPHONEOS_DEPLOYMENT_TARGET = 9.3;
				MTL_ENABLE_DEBUG_INFO = YES;
				ONLY_ACTIVE_ARCH = YES;
				SDKROOT = iphoneos;
				SWIFT_OPTIMIZATION_LEVEL = "-Onone";
				TARGETED_DEVICE_FAMILY = "1,2";
			};
			name = Debug;
		};
		627B56B31D53289E00EF184A /* Release */ = {
			isa = XCBuildConfiguration;
			buildSettings = {
				ALWAYS_SEARCH_USER_PATHS = NO;
				CLANG_ANALYZER_NONNULL = YES;
				CLANG_CXX_LANGUAGE_STANDARD = "gnu++0x";
				CLANG_CXX_LIBRARY = "libc++";
				CLANG_ENABLE_MODULES = YES;
				CLANG_ENABLE_OBJC_ARC = YES;
				CLANG_WARN_BOOL_CONVERSION = YES;
				CLANG_WARN_CONSTANT_CONVERSION = YES;
				CLANG_WARN_DIRECT_OBJC_ISA_USAGE = YES_ERROR;
				CLANG_WARN_EMPTY_BODY = YES;
				CLANG_WARN_ENUM_CONVERSION = YES;
				CLANG_WARN_INT_CONVERSION = YES;
				CLANG_WARN_OBJC_ROOT_CLASS = YES_ERROR;
				CLANG_WARN_UNREACHABLE_CODE = YES;
				CLANG_WARN__DUPLICATE_METHOD_MATCH = YES;
				"CODE_SIGN_IDENTITY[sdk=iphoneos*]" = "iPhone Developer";
				COPY_PHASE_STRIP = NO;
				DEBUG_INFORMATION_FORMAT = "dwarf-with-dsym";
				ENABLE_NS_ASSERTIONS = NO;
				ENABLE_STRICT_OBJC_MSGSEND = YES;
				GCC_C_LANGUAGE_STANDARD = gnu99;
				GCC_NO_COMMON_BLOCKS = YES;
				GCC_WARN_64_TO_32_BIT_CONVERSION = YES;
				GCC_WARN_ABOUT_RETURN_TYPE = YES_ERROR;
				GCC_WARN_UNDECLARED_SELECTOR = YES;
				GCC_WARN_UNINITIALIZED_AUTOS = YES_AGGRESSIVE;
				GCC_WARN_UNUSED_FUNCTION = YES;
				GCC_WARN_UNUSED_VARIABLE = YES;
				IPHONEOS_DEPLOYMENT_TARGET = 9.3;
				MTL_ENABLE_DEBUG_INFO = NO;
				SDKROOT = iphoneos;
				TARGETED_DEVICE_FAMILY = "1,2";
				VALIDATE_PRODUCT = YES;
			};
			name = Release;
		};
		627B56B51D53289E00EF184A /* Debug */ = {
			isa = XCBuildConfiguration;
			buildSettings = {
				ASSETCATALOG_COMPILER_APPICON_NAME = AppIcon;
				INFOPLIST_FILE = Foodtracker/Info.plist;
				LD_RUNPATH_SEARCH_PATHS = "$(inherited) @executable_path/Frameworks";
				PRODUCT_BUNDLE_IDENTIFIER = litherpoan.Foodtracker;
				PRODUCT_NAME = "$(TARGET_NAME)";
			};
			name = Debug;
		};
		627B56B61D53289E00EF184A /* Release */ = {
			isa = XCBuildConfiguration;
			buildSettings = {
				ASSETCATALOG_COMPILER_APPICON_NAME = AppIcon;
				INFOPLIST_FILE = Foodtracker/Info.plist;
				LD_RUNPATH_SEARCH_PATHS = "$(inherited) @executable_path/Frameworks";
				PRODUCT_BUNDLE_IDENTIFIER = litherpoan.Foodtracker;
				PRODUCT_NAME = "$(TARGET_NAME)";
			};
			name = Release;
		};
		627B56B81D53289E00EF184A /* Debug */ = {
			isa = XCBuildConfiguration;
			buildSettings = {
				BUNDLE_LOADER = "$(TEST_HOST)";
				INFOPLIST_FILE = FoodtrackerTests/Info.plist;
				LD_RUNPATH_SEARCH_PATHS = "$(inherited) @executable_path/Frameworks @loader_path/Frameworks";
				PRODUCT_BUNDLE_IDENTIFIER = litherpoan.FoodtrackerTests;
				PRODUCT_NAME = "$(TARGET_NAME)";
				TEST_HOST = "$(BUILT_PRODUCTS_DIR)/Foodtracker.app/Foodtracker";
			};
			name = Debug;
		};
		627B56B91D53289E00EF184A /* Release */ = {
			isa = XCBuildConfiguration;
			buildSettings = {
				BUNDLE_LOADER = "$(TEST_HOST)";
				INFOPLIST_FILE = FoodtrackerTests/Info.plist;
				LD_RUNPATH_SEARCH_PATHS = "$(inherited) @executable_path/Frameworks @loader_path/Frameworks";
				PRODUCT_BUNDLE_IDENTIFIER = litherpoan.FoodtrackerTests;
				PRODUCT_NAME = "$(TARGET_NAME)";
				TEST_HOST = "$(BUILT_PRODUCTS_DIR)/Foodtracker.app/Foodtracker";
			};
			name = Release;
		};
		627B56BB1D53289E00EF184A /* Debug */ = {
			isa = XCBuildConfiguration;
			buildSettings = {
				INFOPLIST_FILE = FoodtrackerUITests/Info.plist;
				LD_RUNPATH_SEARCH_PATHS = "$(inherited) @executable_path/Frameworks @loader_path/Frameworks";
				PRODUCT_BUNDLE_IDENTIFIER = litherpoan.FoodtrackerUITests;
				PRODUCT_NAME = "$(TARGET_NAME)";
				TEST_TARGET_NAME = Foodtracker;
			};
			name = Debug;
		};
		627B56BC1D53289E00EF184A /* Release */ = {
			isa = XCBuildConfiguration;
			buildSettings = {
				INFOPLIST_FILE = FoodtrackerUITests/Info.plist;
				LD_RUNPATH_SEARCH_PATHS = "$(inherited) @executable_path/Frameworks @loader_path/Frameworks";
				PRODUCT_BUNDLE_IDENTIFIER = litherpoan.FoodtrackerUITests;
				PRODUCT_NAME = "$(TARGET_NAME)";
				TEST_TARGET_NAME = Foodtracker;
			};
			name = Release;
		};
/* End XCBuildConfiguration section */

/* Begin XCConfigurationList section */
		627B56871D53289D00EF184A /* Build configuration list for PBXProject "Foodtracker" */ = {
			isa = XCConfigurationList;
			buildConfigurations = (
				627B56B21D53289E00EF184A /* Debug */,
				627B56B31D53289E00EF184A /* Release */,
			);
			defaultConfigurationIsVisible = 0;
			defaultConfigurationName = Release;
		};
		627B56B41D53289E00EF184A /* Build configuration list for PBXNativeTarget "Foodtracker" */ = {
			isa = XCConfigurationList;
			buildConfigurations = (
				627B56B51D53289E00EF184A /* Debug */,
				627B56B61D53289E00EF184A /* Release */,
			);
			defaultConfigurationIsVisible = 0;
		};
		627B56B71D53289E00EF184A /* Build configuration list for PBXNativeTarget "FoodtrackerTests" */ = {
			isa = XCConfigurationList;
			buildConfigurations = (
				627B56B81D53289E00EF184A /* Debug */,
				627B56B91D53289E00EF184A /* Release */,
			);
			defaultConfigurationIsVisible = 0;
		};
		627B56BA1D53289E00EF184A /* Build configuration list for PBXNativeTarget "FoodtrackerUITests" */ = {
			isa = XCConfigurationList;
			buildConfigurations = (
				627B56BB1D53289E00EF184A /* Debug */,
				627B56BC1D53289E00EF184A /* Release */,
			);
			defaultConfigurationIsVisible = 0;
		};
/* End XCConfigurationList section */
	};
	rootObject = 627B56841D53289D00EF184A /* Project object */;
}
